
Microsoft Visual Studio Solution File, Format Version 12.00
# Visual Studio Version 16
VisualStudioVersion = 16.0.30804.86
MinimumVisualStudioVersion = 10.0.40219.1
Project("{FAE04EC0-301F-11D3-BF4B-00C04F79EFBC}") = "RSIMonitor", "RSIMonitor\RSIMonitor.csproj", "{0C093837-927A-43CE-889B-E30B7C33FD57}"
EndProject
Project("{FAE04EC0-301F-11D3-BF4B-00C04F79EFBC}") = "Lib", "Lib\Lib.csproj", "{B1A876DA-62CE-4B51-96C3-D7FC70B0AD60}"
EndProject
Global
	GlobalSection(SolutionConfigurationPlatforms) = preSolution
		Debug|Any CPU = Debug|Any CPU
		Release|Any CPU = Release|Any CPU
	EndGlobalSection
	GlobalSection(ProjectConfigurationPlatforms) = postSolution
		{0C093837-927A-43CE-889B-E30B7C33FD57}.Debug|Any CPU.ActiveCfg = Debug|Any CPU
		{0C093837-927A-43CE-889B-E30B7C33FD57}.Debug|Any CPU.Build.0 = Debug|Any CPU
		{0C093837-927A-43CE-889B-E30B7C33FD57}.Release|Any CPU.ActiveCfg = Release|Any CPU
		{0C093837-927A-43CE-889B-E30B7C33FD57}.Release|Any CPU.Build.0 = Release|Any CPU
		{B1A876DA-62CE-4B51-96C3-D7FC70B0AD60}.Debug|Any CPU.ActiveCfg = Debug|Any CPU
		{B1A876DA-62CE-4B51-96C3-D7FC70B0AD60}.Debug|Any CPU.Build.0 = Debug|Any CPU
		{B1A876DA-62CE-4B51-96C3-D7FC70B0AD60}.Release|Any CPU.ActiveCfg = Release|Any CPU
		{B1A876DA-62CE-4B51-96C3-D7FC70B0AD60}.Release|Any CPU.Build.0 = Release|Any CPU
	EndGlobalSection
	GlobalSection(SolutionProperties) = preSolution
		HideSolutionNode = FALSE
	EndGlobalSection
	GlobalSection(ExtensibilityGlobals) = postSolution
		SolutionGuid = {BF35EF63-A80E-48B9-8235-F5E1F138EDCC}
	EndGlobalSection
EndGlobal
